
Microsoft Visual Studio Solution File, Format Version 12.00
# Visual Studio Version 17
VisualStudioVersion = 17.0.31903.59
MinimumVisualStudioVersion = 10.0.40219.1
Project("{FAE04EC0-301F-11D3-BF4B-00C04F79EFBC}") = "minhon", "minhon\minhon.csproj", "{6F9AE4CC-D8AC-4D63-92B2-7B9BF4AA838F}"
EndProject
Project("{FAE04EC0-301F-11D3-BF4B-00C04F79EFBC}") = "minhon.console", "minhon.console\minhon.console.csproj", "{61C9FAC8-D1D6-4EE6-8B2A-8D78D802F290}"
EndProject
Global
	GlobalSection(SolutionConfigurationPlatforms) = preSolution
		Debug|Any CPU = Debug|Any CPU
		Release|Any CPU = Release|Any CPU
	EndGlobalSection
	GlobalSection(SolutionProperties) = preSolution
		HideSolutionNode = FALSE
	EndGlobalSection
	GlobalSection(ProjectConfigurationPlatforms) = postSolution
		{6F9AE4CC-D8AC-4D63-92B2-7B9BF4AA838F}.Debug|Any CPU.ActiveCfg = Debug|Any CPU
		{6F9AE4CC-D8AC-4D63-92B2-7B9BF4AA838F}.Debug|Any CPU.Build.0 = Debug|Any CPU
		{6F9AE4CC-D8AC-4D63-92B2-7B9BF4AA838F}.Release|Any CPU.ActiveCfg = Release|Any CPU
		{6F9AE4CC-D8AC-4D63-92B2-7B9BF4AA838F}.Release|Any CPU.Build.0 = Release|Any CPU
		{61C9FAC8-D1D6-4EE6-8B2A-8D78D802F290}.Debug|Any CPU.ActiveCfg = Debug|Any CPU
		{61C9FAC8-D1D6-4EE6-8B2A-8D78D802F290}.Debug|Any CPU.Build.0 = Debug|Any CPU
		{61C9FAC8-D1D6-4EE6-8B2A-8D78D802F290}.Release|Any CPU.ActiveCfg = Release|Any CPU
		{61C9FAC8-D1D6-4EE6-8B2A-8D78D802F290}.Release|Any CPU.Build.0 = Release|Any CPU
	EndGlobalSection
EndGlobal
